PODS:
  - Flutter (1.0.0)
  - mix_stack (1.3.3):
    - Flutter

DEPENDENCIES:
  - Flutter (from `Flutter`)
  - mix_stack (from `.symlinks/plugins/mix_stack/ios`)

EXTERNAL SOURCES:
  Flutter:
    :path: Flutter
  mix_stack:
    :path: ".symlinks/plugins/mix_stack/ios"

SPEC CHECKSUMS:
  Flutter: 434fef37c0980e73bb6479ef766c45957d4b510c
  mix_stack: 04651baa7fa84cc91920f9aa20e3d6758961bfbf

PODFILE CHECKSUM: 8e679eca47255a8ca8067c4c67aab20e64cb974d

COCOAPODS: 1.10.1
