PODS:
  - Flutter (1.0.0)
  - mix_stack (1.0.3):
    - Flutter

DEPENDENCIES:
  - Flutter (from `Flutter`)
  - mix_stack (from `.symlinks/plugins/mix_stack/ios`)

EXTERNAL SOURCES:
  Flutter:
    :path: Flutter
  mix_stack:
    :path: ".symlinks/plugins/mix_stack/ios"

SPEC CHECKSUMS:
  Flutter: 0e3d915762c693b495b44d77113d4970485de6ec
  mix_stack: d4abc7328b221e4fae6fd3c173911a4b37ddc46a

PODFILE CHECKSUM: 8f39d4b1f4c2d8d7be8aee4ca0287403e456311e

COCOAPODS: 1.9.3
